// !$*UTF8*$!
{
	archiveVersion = 1;
	classes = {
	};
	objectVersion = 48;
	objects = {

/* Begin PBXBuildFile section */
		6AB3B148AB0E8BEAF9B021B2 /* Pods_MCart.framework in Frameworks */ = {isa = PBXBuildFile; fileRef = 5CEB00967FE6EAC79EFE1A0A /* Pods_MCart.framework */; };
		B93E08831F74E18300F919E6 /* SWRevealViewController.m in Sources */ = {isa = PBXBuildFile; fileRef = B93E08821F74E18300F919E6 /* SWRevealViewController.m */; };
		B95798351F7A580200730333 /* NetworkConfiguration.swift in Sources */ = {isa = PBXBuildFile; fileRef = B95798341F7A580200730333 /* NetworkConfiguration.swift */; };
		B95798371F7A582900730333 /* WooClient.swift in Sources */ = {isa = PBXBuildFile; fileRef = B95798361F7A582900730333 /* WooClient.swift */; };
		B95FA07D1F73CE1E007CA4D3 /* AppDelegate.swift in Sources */ = {isa = PBXBuildFile; fileRef = B95FA07C1F73CE1E007CA4D3 /* AppDelegate.swift */; };
		B95FA0821F73CE1E007CA4D3 /* Main.storyboard in Resources */ = {isa = PBXBuildFile; fileRef = B95FA0801F73CE1E007CA4D3 /* Main.storyboard */; };
		B95FA0841F73CE1E007CA4D3 /* Assets.xcassets in Resources */ = {isa = PBXBuildFile; fileRef = B95FA0831F73CE1E007CA4D3 /* Assets.xcassets */; };
		B95FA0871F73CE1E007CA4D3 /* LaunchScreen.storyboard in Resources */ = {isa = PBXBuildFile; fileRef = B95FA0851F73CE1E007CA4D3 /* LaunchScreen.storyboard */; };
		B95FA0931F73CE5D007CA4D3 /* Constants.swift in Sources */ = {isa = PBXBuildFile; fileRef = B95FA0921F73CE5D007CA4D3 /* Constants.swift */; };
		B95FA0961F73CEA5007CA4D3 /* SideMenuVC.swift in Sources */ = {isa = PBXBuildFile; fileRef = B95FA0951F73CEA5007CA4D3 /* SideMenuVC.swift */; };
		B95FA0981F73CEB8007CA4D3 /* ProductCategoryVC.swift in Sources */ = {isa = PBXBuildFile; fileRef = B95FA0971F73CEB8007CA4D3 /* ProductCategoryVC.swift */; };
		B9CBEB5E1F750295007FA628 /* RoundeButton.swift in Sources */ = {isa = PBXBuildFile; fileRef = B9CBEB5D1F750295007FA628 /* RoundeButton.swift */; };
		B9CBEB601F750567007FA628 /* LoginVC.swift in Sources */ = {isa = PBXBuildFile; fileRef = B9CBEB5F1F750567007FA628 /* LoginVC.swift */; };
		B9CBEB621F75057F007FA628 /* SignupVC.swift in Sources */ = {isa = PBXBuildFile; fileRef = B9CBEB611F75057F007FA628 /* SignupVC.swift */; };
		B9CBEB641F75077B007FA628 /* DetailedCategoryVC.swift in Sources */ = {isa = PBXBuildFile; fileRef = B9CBEB631F75077B007FA628 /* DetailedCategoryVC.swift */; };
		B9FE1A491F750F710004AF4F /* DetailedCategoryCell.swift in Sources */ = {isa = PBXBuildFile; fileRef = B9FE1A481F750F710004AF4F /* DetailedCategoryCell.swift */; };
		B9FE1A4C1F7511F70004AF4F /* DetailedCategory.swift in Sources */ = {isa = PBXBuildFile; fileRef = B9FE1A4B1F7511F70004AF4F /* DetailedCategory.swift */; };
		B9FE1A4E1F7514650004AF4F /* ProductCategoryCell.swift in Sources */ = {isa = PBXBuildFile; fileRef = B9FE1A4D1F7514650004AF4F /* ProductCategoryCell.swift */; };
		B9FE1A501F7516360004AF4F /* ProductCategory.swift in Sources */ = {isa = PBXBuildFile; fileRef = B9FE1A4F1F7516360004AF4F /* ProductCategory.swift */; };
/* End PBXBuildFile section */

/* Begin PBXFileReference section */
		5CEB00967FE6EAC79EFE1A0A /* Pods_MCart.framework */ = {isa = PBXFileReference; explicitFileType = wrapper.framework; includeInIndex = 0; path = Pods_MCart.framework; sourceTree = BUILT_PRODUCTS_DIR; };
		B93E08801F74E18200F919E6 /* MCart-Bridging-Header.h */ = {isa = PBXFileReference; lastKnownFileType = sourcecode.c.h; path = "MCart-Bridging-Header.h"; sourceTree = "<group>"; };
		B93E08811F74E18300F919E6 /* SWRevealViewController.h */ = {isa = PBXFileReference; fileEncoding = 4; lastKnownFileType = sourcecode.c.h; name = SWRevealViewController.h; path = "../../../../Downloads/SWRevealViewController-master/SWRevealViewController/SWRevealViewController.h"; sourceTree = "<group>"; };
		B93E08821F74E18300F919E6 /* SWRevealViewController.m */ = {isa = PBXFileReference; fileEncoding = 4; lastKnownFileType = sourcecode.c.objc; name = SWRevealViewController.m; path = "../../../../Downloads/SWRevealViewController-master/SWRevealViewController/SWRevealViewController.m"; sourceTree = "<group>"; };
		B95798341F7A580200730333 /* NetworkConfiguration.swift */ = {isa = PBXFileReference; lastKnownFileType = sourcecode.swift; path = NetworkConfiguration.swift; sourceTree = "<group>"; };
		B95798361F7A582900730333 /* WooClient.swift */ = {isa = PBXFileReference; lastKnownFileType = sourcecode.swift; path = WooClient.swift; sourceTree = "<group>"; };
		B95FA0791F73CE1E007CA4D3 /* MCart.app */ = {isa = PBXFileReference; explicitFileType = wrapper.application; includeInIndex = 0; path = MCart.app; sourceTree = BUILT_PRODUCTS_DIR; };
		B95FA07C1F73CE1E007CA4D3 /* AppDelegate.swift */ = {isa = PBXFileReference; lastKnownFileType = sourcecode.swift; path = AppDelegate.swift; sourceTree = "<group>"; };
		B95FA0811F73CE1E007CA4D3 /* Base */ = {isa = PBXFileReference; lastKnownFileType = file.storyboard; name = Base; path = Base.lproj/Main.storyboard; sourceTree = "<group>"; };
		B95FA0831F73CE1E007CA4D3 /* Assets.xcassets */ = {isa = PBXFileReference; lastKnownFileType = folder.assetcatalog; path = Assets.xcassets; sourceTree = "<group>"; };
		B95FA0861F73CE1E007CA4D3 /* Base */ = {isa = PBXFileReference; lastKnownFileType = file.storyboard; name = Base; path = Base.lproj/LaunchScreen.storyboard; sourceTree = "<group>"; };
		B95FA0881F73CE1E007CA4D3 /* Info.plist */ = {isa = PBXFileReference; lastKnownFileType = text.plist.xml; path = Info.plist; sourceTree = "<group>"; };
		B95FA0921F73CE5D007CA4D3 /* Constants.swift */ = {isa = PBXFileReference; lastKnownFileType = sourcecode.swift; path = Constants.swift; sourceTree = "<group>"; };
		B95FA0951F73CEA5007CA4D3 /* SideMenuVC.swift */ = {isa = PBXFileReference; lastKnownFileType = sourcecode.swift; path = SideMenuVC.swift; sourceTree = "<group>"; };
		B95FA0971F73CEB8007CA4D3 /* ProductCategoryVC.swift */ = {isa = PBXFileReference; lastKnownFileType = sourcecode.swift; path = ProductCategoryVC.swift; sourceTree = "<group>"; };
		B9CBEB5D1F750295007FA628 /* RoundeButton.swift */ = {isa = PBXFileReference; lastKnownFileType = sourcecode.swift; path = RoundeButton.swift; sourceTree = "<group>"; };
		B9CBEB5F1F750567007FA628 /* LoginVC.swift */ = {isa = PBXFileReference; lastKnownFileType = sourcecode.swift; path = LoginVC.swift; sourceTree = "<group>"; };
		B9CBEB611F75057F007FA628 /* SignupVC.swift */ = {isa = PBXFileReference; lastKnownFileType = sourcecode.swift; path = SignupVC.swift; sourceTree = "<group>"; };
		B9CBEB631F75077B007FA628 /* DetailedCategoryVC.swift */ = {isa = PBXFileReference; lastKnownFileType = sourcecode.swift; path = DetailedCategoryVC.swift; sourceTree = "<group>"; };
		B9FE1A481F750F710004AF4F /* DetailedCategoryCell.swift */ = {isa = PBXFileReference; lastKnownFileType = sourcecode.swift; path = DetailedCategoryCell.swift; sourceTree = "<group>"; };
		B9FE1A4B1F7511F70004AF4F /* DetailedCategory.swift */ = {isa = PBXFileReference; lastKnownFileType = sourcecode.swift; path = DetailedCategory.swift; sourceTree = "<group>"; };
		B9FE1A4D1F7514650004AF4F /* ProductCategoryCell.swift */ = {isa = PBXFileReference; lastKnownFileType = sourcecode.swift; path = ProductCategoryCell.swift; sourceTree = "<group>"; };
		B9FE1A4F1F7516360004AF4F /* ProductCategory.swift */ = {isa = PBXFileReference; lastKnownFileType = sourcecode.swift; path = ProductCategory.swift; sourceTree = "<group>"; };
		D3108A02B5D2CEE1B183360D /* Pods-MCart.debug.xcconfig */ = {isa = PBXFileReference; includeInIndex = 1; lastKnownFileType = text.xcconfig; name = "Pods-MCart.debug.xcconfig"; path = "Pods/Target Support Files/Pods-MCart/Pods-MCart.debug.xcconfig"; sourceTree = "<group>"; };
		F3F47CE4567A38325C2FFC47 /* Pods-MCart.release.xcconfig */ = {isa = PBXFileReference; includeInIndex = 1; lastKnownFileType = text.xcconfig; name = "Pods-MCart.release.xcconfig"; path = "Pods/Target Support Files/Pods-MCart/Pods-MCart.release.xcconfig"; sourceTree = "<group>"; };
/* End PBXFileReference section */

/* Begin PBXFrameworksBuildPhase section */
		B95FA0761F73CE1E007CA4D3 /* Frameworks */ = {
			isa = PBXFrameworksBuildPhase;
			buildActionMask = 2147483647;
			files = (
				6AB3B148AB0E8BEAF9B021B2 /* Pods_MCart.framework in Frameworks */,
			);
			runOnlyForDeploymentPostprocessing = 0;
		};
/* End PBXFrameworksBuildPhase section */

/* Begin PBXGroup section */
		8B770119B705BD913DF33373 /* Frameworks */ = {
			isa = PBXGroup;
			children = (
				5CEB00967FE6EAC79EFE1A0A /* Pods_MCart.framework */,
			);
			name = Frameworks;
			sourceTree = "<group>";
		};
		94C0CEFA4DE2A3058B7CAAC7 /* Pods */ = {
			isa = PBXGroup;
			children = (
				D3108A02B5D2CEE1B183360D /* Pods-MCart.debug.xcconfig */,
				F3F47CE4567A38325C2FFC47 /* Pods-MCart.release.xcconfig */,
			);
			name = Pods;
			sourceTree = "<group>";
		};
		B93E087F1F74E16600F919E6 /* Supporting Files */ = {
			isa = PBXGroup;
			children = (
				B93E08811F74E18300F919E6 /* SWRevealViewController.h */,
				B93E08821F74E18300F919E6 /* SWRevealViewController.m */,
				B93E08801F74E18200F919E6 /* MCart-Bridging-Header.h */,
			);
			path = "Supporting Files";
			sourceTree = "<group>";
		};
		B95798331F7A57E700730333 /* Network */ = {
			isa = PBXGroup;
			children = (
				B95798341F7A580200730333 /* NetworkConfiguration.swift */,
				B95798361F7A582900730333 /* WooClient.swift */,
			);
			path = Network;
			sourceTree = "<group>";
		};
		B95FA0701F73CE1E007CA4D3 = {
			isa = PBXGroup;
			children = (
				B95FA07B1F73CE1E007CA4D3 /* MCart */,
				B95FA07A1F73CE1E007CA4D3 /* Products */,
				94C0CEFA4DE2A3058B7CAAC7 /* Pods */,
				8B770119B705BD913DF33373 /* Frameworks */,
			);
			sourceTree = "<group>";
		};
		B95FA07A1F73CE1E007CA4D3 /* Products */ = {
			isa = PBXGroup;
			children = (
				B95FA0791F73CE1E007CA4D3 /* MCart.app */,
			);
			name = Products;
			sourceTree = "<group>";
		};
		B95FA07B1F73CE1E007CA4D3 /* MCart */ = {
			isa = PBXGroup;
			children = (
				B95798331F7A57E700730333 /* Network */,
				B9FE1A4A1F7511D30004AF4F /* Model */,
				B93E087F1F74E16600F919E6 /* Supporting Files */,
				B95FA0911F73CE45007CA4D3 /* Controller */,
				B95FA0901F73CE3C007CA4D3 /* View */,
				B95FA08E1F73CE26007CA4D3 /* Utilities */,
				B95FA07C1F73CE1E007CA4D3 /* AppDelegate.swift */,
				B95FA0801F73CE1E007CA4D3 /* Main.storyboard */,
				B95FA0831F73CE1E007CA4D3 /* Assets.xcassets */,
				B95FA0851F73CE1E007CA4D3 /* LaunchScreen.storyboard */,
				B95FA0881F73CE1E007CA4D3 /* Info.plist */,
			);
			path = MCart;
			sourceTree = "<group>";
		};
		B95FA08E1F73CE26007CA4D3 /* Utilities */ = {
			isa = PBXGroup;
			children = (
				B95FA0921F73CE5D007CA4D3 /* Constants.swift */,
			);
			path = Utilities;
			sourceTree = "<group>";
		};
		B95FA0901F73CE3C007CA4D3 /* View */ = {
			isa = PBXGroup;
			children = (
				B9CBEB5D1F750295007FA628 /* RoundeButton.swift */,
				B9FE1A481F750F710004AF4F /* DetailedCategoryCell.swift */,
				B9FE1A4D1F7514650004AF4F /* ProductCategoryCell.swift */,
			);
			path = View;
			sourceTree = "<group>";
		};
		B95FA0911F73CE45007CA4D3 /* Controller */ = {
			isa = PBXGroup;
			children = (
				B95FA0951F73CEA5007CA4D3 /* SideMenuVC.swift */,
				B9CBEB5F1F750567007FA628 /* LoginVC.swift */,
				B9CBEB611F75057F007FA628 /* SignupVC.swift */,
				B9CBEB631F75077B007FA628 /* DetailedCategoryVC.swift */,
				B95FA0971F73CEB8007CA4D3 /* ProductCategoryVC.swift */,
			);
			path = Controller;
			sourceTree = "<group>";
		};
		B9FE1A4A1F7511D30004AF4F /* Model */ = {
			isa = PBXGroup;
			children = (
				B9FE1A4B1F7511F70004AF4F /* DetailedCategory.swift */,
				B9FE1A4F1F7516360004AF4F /* ProductCategory.swift */,
			);
			path = Model;
			sourceTree = "<group>";
		};
/* End PBXGroup section */

/* Begin PBXNativeTarget section */
		B95FA0781F73CE1E007CA4D3 /* MCart */ = {
			isa = PBXNativeTarget;
			buildConfigurationList = B95FA08B1F73CE1E007CA4D3 /* Build configuration list for PBXNativeTarget "MCart" */;
			buildPhases = (
				7519CFB1F56353B2884ED587 /* [CP] Check Pods Manifest.lock */,
				B95FA0751F73CE1E007CA4D3 /* Sources */,
				B95FA0761F73CE1E007CA4D3 /* Frameworks */,
				B95FA0771F73CE1E007CA4D3 /* Resources */,
				527576059CF3D819727BD3DB /* [CP] Embed Pods Frameworks */,
				BB67C7831145B2EFF08AE1F3 /* [CP] Copy Pods Resources */,
			);
			buildRules = (
			);
			dependencies = (
			);
			name = MCart;
			productName = MCart;
			productReference = B95FA0791F73CE1E007CA4D3 /* MCart.app */;
			productType = "com.apple.product-type.application";
		};
/* End PBXNativeTarget section */

/* Begin PBXProject section */
		B95FA0711F73CE1E007CA4D3 /* Project object */ = {
			isa = PBXProject;
			attributes = {
				LastSwiftUpdateCheck = 0900;
				LastUpgradeCheck = 0900;
				ORGANIZATIONNAME = "avi marathe";
				TargetAttributes = {
					B95FA0781F73CE1E007CA4D3 = {
						CreatedOnToolsVersion = 9.0;
						LastSwiftMigration = 0900;
					};
				};
			};
			buildConfigurationList = B95FA0741F73CE1E007CA4D3 /* Build configuration list for PBXProject "MCart" */;
			compatibilityVersion = "Xcode 8.0";
			developmentRegion = en;
			hasScannedForEncodings = 0;
			knownRegions = (
				en,
				Base,
			);
			mainGroup = B95FA0701F73CE1E007CA4D3;
			productRefGroup = B95FA07A1F73CE1E007CA4D3 /* Products */;
			projectDirPath = "";
			projectRoot = "";
			targets = (
				B95FA0781F73CE1E007CA4D3 /* MCart */,
			);
		};
/* End PBXProject section */

/* Begin PBXResourcesBuildPhase section */
		B95FA0771F73CE1E007CA4D3 /* Resources */ = {
			isa = PBXResourcesBuildPhase;
			buildActionMask = 2147483647;
			files = (
				B95FA0871F73CE1E007CA4D3 /* LaunchScreen.storyboard in Resources */,
				B95FA0841F73CE1E007CA4D3 /* Assets.xcassets in Resources */,
				B95FA0821F73CE1E007CA4D3 /* Main.storyboard in Resources */,
			);
			runOnlyForDeploymentPostprocessing = 0;
		};
/* End PBXResourcesBuildPhase section */

/* Begin PBXShellScriptBuildPhase section */
		527576059CF3D819727BD3DB /* [CP] Embed Pods Frameworks */ = {
			isa = PBXShellScriptBuildPhase;
			buildActionMask = 2147483647;
			files = (
			);
			inputPaths = (
			);
			name = "[CP] Embed Pods Frameworks";
			outputPaths = (
			);
			runOnlyForDeploymentPostprocessing = 0;
			shellPath = /bin/sh;
			shellScript = "\"${SRCROOT}/Pods/Target Support Files/Pods-MCart/Pods-MCart-frameworks.sh\"\n";
			showEnvVarsInLog = 0;
		};
		7519CFB1F56353B2884ED587 /* [CP] Check Pods Manifest.lock */ = {
			isa = PBXShellScriptBuildPhase;
			buildActionMask = 2147483647;
			files = (
			);
			inputPaths = (
			);
			name = "[CP] Check Pods Manifest.lock";
			outputPaths = (
			);
			runOnlyForDeploymentPostprocessing = 0;
			shellPath = /bin/sh;
			shellScript = "diff \"${PODS_ROOT}/../Podfile.lock\" \"${PODS_ROOT}/Manifest.lock\" > /dev/null\nif [ $? != 0 ] ; then\n    # print error to STDERR\n    echo \"error: The sandbox is not in sync with the Podfile.lock. Run 'pod install' or update your CocoaPods installation.\" >&2\n    exit 1\nfi\n";
			showEnvVarsInLog = 0;
		};
		BB67C7831145B2EFF08AE1F3 /* [CP] Copy Pods Resources */ = {
			isa = PBXShellScriptBuildPhase;
			buildActionMask = 2147483647;
			files = (
			);
			inputPaths = (
			);
			name = "[CP] Copy Pods Resources";
			outputPaths = (
			);
			runOnlyForDeploymentPostprocessing = 0;
			shellPath = /bin/sh;
			shellScript = "\"${SRCROOT}/Pods/Target Support Files/Pods-MCart/Pods-MCart-resources.sh\"\n";
			showEnvVarsInLog = 0;
		};
/* End PBXShellScriptBuildPhase section */

/* Begin PBXSourcesBuildPhase section */
		B95FA0751F73CE1E007CA4D3 /* Sources */ = {
			isa = PBXSourcesBuildPhase;
			buildActionMask = 2147483647;
			files = (
				B9CBEB621F75057F007FA628 /* SignupVC.swift in Sources */,
				B9CBEB5E1F750295007FA628 /* RoundeButton.swift in Sources */,
				B95FA07D1F73CE1E007CA4D3 /* AppDelegate.swift in Sources */,
				B95798371F7A582900730333 /* WooClient.swift in Sources */,
				B9CBEB601F750567007FA628 /* LoginVC.swift in Sources */,
				B9FE1A4C1F7511F70004AF4F /* DetailedCategory.swift in Sources */,
				B95FA0931F73CE5D007CA4D3 /* Constants.swift in Sources */,
				B9FE1A491F750F710004AF4F /* DetailedCategoryCell.swift in Sources */,
				B93E08831F74E18300F919E6 /* SWRevealViewController.m in Sources */,
				B9CBEB641F75077B007FA628 /* DetailedCategoryVC.swift in Sources */,
				B9FE1A501F7516360004AF4F /* ProductCategory.swift in Sources */,
				B95FA0981F73CEB8007CA4D3 /* ProductCategoryVC.swift in Sources */,
				B95798351F7A580200730333 /* NetworkConfiguration.swift in Sources */,
				B95FA0961F73CEA5007CA4D3 /* SideMenuVC.swift in Sources */,
				B9FE1A4E1F7514650004AF4F /* ProductCategoryCell.swift in Sources */,
			);
			runOnlyForDeploymentPostprocessing = 0;
		};
/* End PBXSourcesBuildPhase section */

/* Begin PBXVariantGroup section */
		B95FA0801F73CE1E007CA4D3 /* Main.storyboard */ = {
			isa = PBXVariantGroup;
			children = (
				B95FA0811F73CE1E007CA4D3 /* Base */,
			);
			name = Main.storyboard;
			sourceTree = "<group>";
		};
		B95FA0851F73CE1E007CA4D3 /* LaunchScreen.storyboard */ = {
			isa = PBXVariantGroup;
			children = (
				B95FA0861F73CE1E007CA4D3 /* Base */,
			);
			name = LaunchScreen.storyboard;
			sourceTree = "<group>";
		};
/* End PBXVariantGroup section */

/* Begin XCBuildConfiguration section */
		B95FA0891F73CE1E007CA4D3 /* Debug */ = {
			isa = XCBuildConfiguration;
			buildSettings = {
				ALWAYS_SEARCH_USER_PATHS = NO;
				CLANG_ANALYZER_NONNULL = YES;
				CLANG_ANALYZER_NUMBER_OBJECT_CONVERSION = YES_AGGRESSIVE;
				CLANG_CXX_LANGUAGE_STANDARD = "gnu++14";
				CLANG_CXX_LIBRARY = "libc++";
				CLANG_ENABLE_MODULES = YES;
				CLANG_ENABLE_OBJC_ARC = YES;
				CLANG_WARN_BLOCK_CAPTURE_AUTORELEASING = YES;
				CLANG_WARN_BOOL_CONVERSION = YES;
				CLANG_WARN_COMMA = YES;
				CLANG_WARN_CONSTANT_CONVERSION = YES;
				CLANG_WARN_DIRECT_OBJC_ISA_USAGE = YES_ERROR;
				CLANG_WARN_DOCUMENTATION_COMMENTS = YES;
				CLANG_WARN_EMPTY_BODY = YES;
				CLANG_WARN_ENUM_CONVERSION = YES;
				CLANG_WARN_INFINITE_RECURSION = YES;
				CLANG_WARN_INT_CONVERSION = YES;
				CLANG_WARN_NON_LITERAL_NULL_CONVERSION = YES;
				CLANG_WARN_OBJC_LITERAL_CONVERSION = YES;
				CLANG_WARN_OBJC_ROOT_CLASS = YES_ERROR;
				CLANG_WARN_RANGE_LOOP_ANALYSIS = YES;
				CLANG_WARN_STRICT_PROTOTYPES = YES;
				CLANG_WARN_SUSPICIOUS_MOVE = YES;
				CLANG_WARN_UNGUARDED_AVAILABILITY = YES_AGGRESSIVE;
				CLANG_WARN_UNREACHABLE_CODE = YES;
				CLANG_WARN__DUPLICATE_METHOD_MATCH = YES;
				CODE_SIGN_IDENTITY = "iPhone Developer";
				COPY_PHASE_STRIP = NO;
				DEBUG_INFORMATION_FORMAT = dwarf;
				ENABLE_STRICT_OBJC_MSGSEND = YES;
				ENABLE_TESTABILITY = YES;
				GCC_C_LANGUAGE_STANDARD = gnu11;
				GCC_DYNAMIC_NO_PIC = NO;
				GCC_NO_COMMON_BLOCKS = YES;
				GCC_OPTIMIZATION_LEVEL = 0;
				GCC_PREPROCESSOR_DEFINITIONS = (
					"DEBUG=1",
					"$(inherited)",
				);
				GCC_WARN_64_TO_32_BIT_CONVERSION = YES;
				GCC_WARN_ABOUT_RETURN_TYPE = YES_ERROR;
				GCC_WARN_UNDECLARED_SELECTOR = YES;
				GCC_WARN_UNINITIALIZED_AUTOS = YES_AGGRESSIVE;
				GCC_WARN_UNUSED_FUNCTION = YES;
				GCC_WARN_UNUSED_VARIABLE = YES;
				IPHONEOS_DEPLOYMENT_TARGET = 11.0;
				MTL_ENABLE_DEBUG_INFO = YES;
				ONLY_ACTIVE_ARCH = YES;
				SDKROOT = iphoneos;
				SWIFT_ACTIVE_COMPILATION_CONDITIONS = DEBUG;
				SWIFT_OPTIMIZATION_LEVEL = "-Onone";
			};
			name = Debug;
		};
		B95FA08A1F73CE1E007CA4D3 /* Release */ = {
			isa = XCBuildConfiguration;
			buildSettings = {
				ALWAYS_SEARCH_USER_PATHS = NO;
				CLANG_ANALYZER_NONNULL = YES;
				CLANG_ANALYZER_NUMBER_OBJECT_CONVERSION = YES_AGGRESSIVE;
				CLANG_CXX_LANGUAGE_STANDARD = "gnu++14";
				CLANG_CXX_LIBRARY = "libc++";
				CLANG_ENABLE_MODULES = YES;
				CLANG_ENABLE_OBJC_ARC = YES;
				CLANG_WARN_BLOCK_CAPTURE_AUTORELEASING = YES;
				CLANG_WARN_BOOL_CONVERSION = YES;
				CLANG_WARN_COMMA = YES;
				CLANG_WARN_CONSTANT_CONVERSION = YES;
				CLANG_WARN_DIRECT_OBJC_ISA_USAGE = YES_ERROR;
				CLANG_WARN_DOCUMENTATION_COMMENTS = YES;
				CLANG_WARN_EMPTY_BODY = YES;
				CLANG_WARN_ENUM_CONVERSION = YES;
				CLANG_WARN_INFINITE_RECURSION = YES;
				CLANG_WARN_INT_CONVERSION = YES;
				CLANG_WARN_NON_LITERAL_NULL_CONVERSION = YES;
				CLANG_WARN_OBJC_LITERAL_CONVERSION = YES;
				CLANG_WARN_OBJC_ROOT_CLASS = YES_ERROR;
				CLANG_WARN_RANGE_LOOP_ANALYSIS = YES;
				CLANG_WARN_STRICT_PROTOTYPES = YES;
				CLANG_WARN_SUSPICIOUS_MOVE = YES;
				CLANG_WARN_UNGUARDED_AVAILABILITY = YES_AGGRESSIVE;
				CLANG_WARN_UNREACHABLE_CODE = YES;
				CLANG_WARN__DUPLICATE_METHOD_MATCH = YES;
				CODE_SIGN_IDENTITY = "iPhone Developer";
				COPY_PHASE_STRIP = NO;
				DEBUG_INFORMATION_FORMAT = "dwarf-with-dsym";
				ENABLE_NS_ASSERTIONS = NO;
				ENABLE_STRICT_OBJC_MSGSEND = YES;
				GCC_C_LANGUAGE_STANDARD = gnu11;
				GCC_NO_COMMON_BLOCKS = YES;
				GCC_WARN_64_TO_32_BIT_CONVERSION = YES;
				GCC_WARN_ABOUT_RETURN_TYPE = YES_ERROR;
				GCC_WARN_UNDECLARED_SELECTOR = YES;
				GCC_WARN_UNINITIALIZED_AUTOS = YES_AGGRESSIVE;
				GCC_WARN_UNUSED_FUNCTION = YES;
				GCC_WARN_UNUSED_VARIABLE = YES;
				IPHONEOS_DEPLOYMENT_TARGET = 11.0;
				MTL_ENABLE_DEBUG_INFO = NO;
				SDKROOT = iphoneos;
				SWIFT_OPTIMIZATION_LEVEL = "-Owholemodule";
				VALIDATE_PRODUCT = YES;
			};
			name = Release;
		};
		B95FA08C1F73CE1E007CA4D3 /* Debug */ = {
			isa = XCBuildConfiguration;
			baseConfigurationReference = D3108A02B5D2CEE1B183360D /* Pods-MCart.debug.xcconfig */;
			buildSettings = {
				ASSETCATALOG_COMPILER_APPICON_NAME = AppIcon;
				CLANG_ENABLE_MODULES = YES;
				DEVELOPMENT_TEAM = X4Z5TK3MBV;
				INFOPLIST_FILE = MCart/Info.plist;
				LD_RUNPATH_SEARCH_PATHS = "$(inherited) @executable_path/Frameworks";
				PRODUCT_BUNDLE_IDENTIFIER = com.avimarathe.com.MCart;
				PRODUCT_NAME = "$(TARGET_NAME)";
				SWIFT_OBJC_BRIDGING_HEADER = "MCart/Supporting Files/MCart-Bridging-Header.h";
				SWIFT_OPTIMIZATION_LEVEL = "-Onone";
				SWIFT_VERSION = 4.0;
				TARGETED_DEVICE_FAMILY = "1,2";
			};
			name = Debug;
		};
		B95FA08D1F73CE1E007CA4D3 /* Release */ = {
			isa = XCBuildConfiguration;
			baseConfigurationReference = F3F47CE4567A38325C2FFC47 /* Pods-MCart.release.xcconfig */;
			buildSettings = {
				ASSETCATALOG_COMPILER_APPICON_NAME = AppIcon;
				CLANG_ENABLE_MODULES = YES;
				DEVELOPMENT_TEAM = X4Z5TK3MBV;
				INFOPLIST_FILE = MCart/Info.plist;
				LD_RUNPATH_SEARCH_PATHS = "$(inherited) @executable_path/Frameworks";
				PRODUCT_BUNDLE_IDENTIFIER = com.avimarathe.com.MCart;
				PRODUCT_NAME = "$(TARGET_NAME)";
				SWIFT_OBJC_BRIDGING_HEADER = "MCart/Supporting Files/MCart-Bridging-Header.h";
				SWIFT_VERSION = 4.0;
				TARGETED_DEVICE_FAMILY = "1,2";
			};
			name = Release;
		};
/* End XCBuildConfiguration section */

/* Begin XCConfigurationList section */
		B95FA0741F73CE1E007CA4D3 /* Build configuration list for PBXProject "MCart" */ = {
			isa = XCConfigurationList;
			buildConfigurations = (
				B95FA0891F73CE1E007CA4D3 /* Debug */,
				B95FA08A1F73CE1E007CA4D3 /* Release */,
			);
			defaultConfigurationIsVisible = 0;
			defaultConfigurationName = Release;
		};
		B95FA08B1F73CE1E007CA4D3 /* Build configuration list for PBXNativeTarget "MCart" */ = {
			isa = XCConfigurationList;
			buildConfigurations = (
				B95FA08C1F73CE1E007CA4D3 /* Debug */,
				B95FA08D1F73CE1E007CA4D3 /* Release */,
			);
			defaultConfigurationIsVisible = 0;
			defaultConfigurationName = Release;
		};
/* End XCConfigurationList section */
	};
	rootObject = B95FA0711F73CE1E007CA4D3 /* Project object */;
}
